PODS:
  - Alamofire (4.8.2)
  - JGProgressHUD (2.1)
  - LBTATools (1.0.12)
  - SDWebImage (5.8.1):
    - SDWebImage/Core (= 5.8.1)
  - SDWebImage/Core (5.8.1)

DEPENDENCIES:
  - Alamofire (~> 4.8.2)
  - JGProgressHUD
  - LBTATools
  - SDWebImage

SPEC REPOS:
  trunk:
    - Alamofire
    - JGProgressHUD
    - LBTATools
    - SDWebImage

SPEC CHECKSUMS:
  Alamofire: ae5c501addb7afdbb13687d7f2f722c78734c2d3
  JGProgressHUD: aa403e9a5b45cae98903c4600cccdd98c0c3ec90
  LBTATools: 389a901a01b9a56bea5682c40cd6e23530f40015
  SDWebImage: e3eae2eda88578db0685a0c88597fdadd9433f05

PODFILE CHECKSUM: f2fd306a28bd17c9ee33b990a666969b59f7a6c6

COCOAPODS: 1.9.0.beta.2
